
Microsoft Visual Studio Solution File, Format Version 12.00
# Visual Studio 15
VisualStudioVersion = 15.0.27130.2024
MinimumVisualStudioVersion = 10.0.40219.1
Project("{8BC9CEB8-8B4A-11D0-8D11-00A0C91BC942}") = "modern_cpp_features", "modern_cpp_features.vcxproj", "{AE9CFAC3-8483-4077-8104-354DAB83485A}"
EndProject
Global
	GlobalSection(SolutionConfigurationPlatforms) = preSolution
		Debug|x64 = Debug|x64
		Debug|x86 = Debug|x86
		Release|x64 = Release|x64
		Release|x86 = Release|x86
	EndGlobalSection
	GlobalSection(ProjectConfigurationPlatforms) = postSolution
		{AE9CFAC3-8483-4077-8104-354DAB83485A}.Debug|x64.ActiveCfg = Debug|x64
		{AE9CFAC3-8483-4077-8104-354DAB83485A}.Debug|x64.Build.0 = Debug|x64
		{AE9CFAC3-8483-4077-8104-354DAB83485A}.Debug|x86.ActiveCfg = Debug|Win32
		{AE9CFAC3-8483-4077-8104-354DAB83485A}.Debug|x86.Build.0 = Debug|Win32
		{AE9CFAC3-8483-4077-8104-354DAB83485A}.Release|x64.ActiveCfg = Release|x64
		{AE9CFAC3-8483-4077-8104-354DAB83485A}.Release|x64.Build.0 = Release|x64
		{AE9CFAC3-8483-4077-8104-354DAB83485A}.Release|x86.ActiveCfg = Release|Win32
		{AE9CFAC3-8483-4077-8104-354DAB83485A}.Release|x86.Build.0 = Release|Win32
	EndGlobalSection
	GlobalSection(SolutionProperties) = preSolution
		HideSolutionNode = FALSE
	EndGlobalSection
	GlobalSection(ExtensibilityGlobals) = postSolution
		SolutionGuid = {0FFC6B7C-150C-4D7C-B896-369F001BBF29}
	EndGlobalSection
EndGlobal
